
Microsoft Visual Studio Solution File, Format Version 12.00
# Visual Studio Version 16
VisualStudioVersion = 16.0.32106.194
MinimumVisualStudioVersion = 10.0.40219.1
Project("{9A19103F-16F7-4668-BE54-9A1E7A4F7556}") = "SalesViwer.Client", "SalesViwer\SalesViwer.Client.csproj", "{2B7C9A08-541E-4DF3-B50F-EFFF58E8F2EC}"
EndProject
Project("{9A19103F-16F7-4668-BE54-9A1E7A4F7556}") = "SalesViwer.DAL", "SalesViwer.Client\SalesViwer.DAL.csproj", "{97D0BFE3-E0C8-4095-BE95-14A32BFF124B}"
EndProject
Project("{9A19103F-16F7-4668-BE54-9A1E7A4F7556}") = "SalesViwer.BL", "SalesViwer.Bl\SalesViwer.BL.csproj", "{66C15C27-12ED-45ED-A31A-9A61310C00A7}"
EndProject
Global
	GlobalSection(SolutionConfigurationPlatforms) = preSolution
		Debug|Any CPU = Debug|Any CPU
		Release|Any CPU = Release|Any CPU
	EndGlobalSection
	GlobalSection(ProjectConfigurationPlatforms) = postSolution
		{2B7C9A08-541E-4DF3-B50F-EFFF58E8F2EC}.Debug|Any CPU.ActiveCfg = Debug|Any CPU
		{2B7C9A08-541E-4DF3-B50F-EFFF58E8F2EC}.Debug|Any CPU.Build.0 = Debug|Any CPU
		{2B7C9A08-541E-4DF3-B50F-EFFF58E8F2EC}.Release|Any CPU.ActiveCfg = Release|Any CPU
		{2B7C9A08-541E-4DF3-B50F-EFFF58E8F2EC}.Release|Any CPU.Build.0 = Release|Any CPU
		{97D0BFE3-E0C8-4095-BE95-14A32BFF124B}.Debug|Any CPU.ActiveCfg = Debug|Any CPU
		{97D0BFE3-E0C8-4095-BE95-14A32BFF124B}.Debug|Any CPU.Build.0 = Debug|Any CPU
		{97D0BFE3-E0C8-4095-BE95-14A32BFF124B}.Release|Any CPU.ActiveCfg = Release|Any CPU
		{97D0BFE3-E0C8-4095-BE95-14A32BFF124B}.Release|Any CPU.Build.0 = Release|Any CPU
		{66C15C27-12ED-45ED-A31A-9A61310C00A7}.Debug|Any CPU.ActiveCfg = Debug|Any CPU
		{66C15C27-12ED-45ED-A31A-9A61310C00A7}.Debug|Any CPU.Build.0 = Debug|Any CPU
		{66C15C27-12ED-45ED-A31A-9A61310C00A7}.Release|Any CPU.ActiveCfg = Release|Any CPU
		{66C15C27-12ED-45ED-A31A-9A61310C00A7}.Release|Any CPU.Build.0 = Release|Any CPU
	EndGlobalSection
	GlobalSection(SolutionProperties) = preSolution
		HideSolutionNode = FALSE
	EndGlobalSection
	GlobalSection(ExtensibilityGlobals) = postSolution
		SolutionGuid = {75384784-F3E7-439F-89FE-CAB193A40ACE}
	EndGlobalSection
EndGlobal
